
Microsoft Visual Studio Solution File, Format Version 12.00
# Visual Studio Version 17
VisualStudioVersion = 17.7.34024.191
MinimumVisualStudioVersion = 10.0.40219.1
Project("{FAE04EC0-301F-11D3-BF4B-00C04F79EFBC}") = "API_Server", "API_Server\API_Server.csproj", "{BD0FEE30-FF35-47CD-A008-09EC754CCEBC}"
EndProject
Global
	GlobalSection(SolutionConfigurationPlatforms) = preSolution
		Debug|Any CPU = Debug|Any CPU
		Release|Any CPU = Release|Any CPU
	EndGlobalSection
	GlobalSection(ProjectConfigurationPlatforms) = postSolution
		{BD0FEE30-FF35-47CD-A008-09EC754CCEBC}.Debug|Any CPU.ActiveCfg = Debug|Any CPU
		{BD0FEE30-FF35-47CD-A008-09EC754CCEBC}.Debug|Any CPU.Build.0 = Debug|Any CPU
		{BD0FEE30-FF35-47CD-A008-09EC754CCEBC}.Release|Any CPU.ActiveCfg = Release|Any CPU
		{BD0FEE30-FF35-47CD-A008-09EC754CCEBC}.Release|Any CPU.Build.0 = Release|Any CPU
	EndGlobalSection
	GlobalSection(SolutionProperties) = preSolution
		HideSolutionNode = FALSE
	EndGlobalSection
	GlobalSection(ExtensibilityGlobals) = postSolution
		SolutionGuid = {1B0E592A-E4BE-498F-879B-DD7376A725F4}
	EndGlobalSection
EndGlobal
